{
  "projects": [
    {
      "projectId": "seaQhLVS4bbjiGvJJrRwyL",
      "version": "15.0.3",
      "dependencies": {},
      "lang": "ts",
      "fileLocks": [
        {
          "assetId": "seaQhLVS4bbjiGvJJrRwyL",
          "type": "projectCss",
          "checksum": "dc88471beadb978e51eb3ceb75d10fdb"
        }
      ]
    },
    {
      "projectId": "gLkFRkpLTqpCFkXotyua58",
      "version": "latest",
      "dependencies": {
        "seaQhLVS4bbjiGvJJrRwyL": "15.0.3"
      },
      "lang": "ts",
      "fileLocks": [
        {
          "type": "globalVariant",
          "assetId": "BZKRHDJArEULBm",
          "checksum": "59f38efa1c54001d0e39f53bdbfbb591"
        },
        {
          "assetId": "gLkFRkpLTqpCFkXotyua58",
          "type": "projectCss",
          "checksum": "d12b53cff4fbcc53366032390ec46a0f"
        },
        {
          "type": "renderModule",
          "assetId": "v6I-ICic5qGUQ",
          "checksum": "0aec3b5212297f49a96e311c7ae6c942"
        },
        {
          "type": "cssRules",
          "assetId": "v6I-ICic5qGUQ",
          "checksum": "0aec3b5212297f49a96e311c7ae6c942"
        },
        {
          "type": "renderModule",
          "assetId": "_t3sKuhfVD_Oy",
          "checksum": "92df87882aacb803547e25bc5eab7790"
        },
        {
          "type": "cssRules",
          "assetId": "_t3sKuhfVD_Oy",
          "checksum": "92df87882aacb803547e25bc5eab7790"
        },
        {
          "type": "renderModule",
          "assetId": "tMQhX3kMcRs9A",
          "checksum": "dcf0fbcbac9aaf60b6f6ebb3ea236767"
        },
        {
          "type": "cssRules",
          "assetId": "tMQhX3kMcRs9A",
          "checksum": "dcf0fbcbac9aaf60b6f6ebb3ea236767"
        },
        {
          "type": "renderModule",
          "assetId": "oi1eBlStLxIPX",
          "checksum": "43a6ba34bb97e91132756456b79c54f1"
        },
        {
          "type": "cssRules",
          "assetId": "oi1eBlStLxIPX",
          "checksum": "43a6ba34bb97e91132756456b79c54f1"
        },
        {
          "type": "renderModule",
          "assetId": "-VnSECV6NskiJ",
          "checksum": "6809495a1be8897ca76f337589b7a133"
        },
        {
          "type": "cssRules",
          "assetId": "-VnSECV6NskiJ",
          "checksum": "6809495a1be8897ca76f337589b7a133"
        },
        {
          "type": "renderModule",
          "assetId": "No3qma38D5mCK",
          "checksum": "252d22eeb3bcf3d89af2617dd9fee1e5"
        },
        {
          "type": "cssRules",
          "assetId": "No3qma38D5mCK",
          "checksum": "252d22eeb3bcf3d89af2617dd9fee1e5"
        },
        {
          "type": "renderModule",
          "assetId": "mQy-4mY3cNGRx",
          "checksum": "674f4b9c4543f4861d562c3ed3c8a30a"
        },
        {
          "type": "cssRules",
          "assetId": "mQy-4mY3cNGRx",
          "checksum": "674f4b9c4543f4861d562c3ed3c8a30a"
        },
        {
          "type": "renderModule",
          "assetId": "R-SUhlZk9FMcA",
          "checksum": "d3d642b037f70d7f4ef755d46b7d15ea"
        },
        {
          "type": "cssRules",
          "assetId": "R-SUhlZk9FMcA",
          "checksum": "d3d642b037f70d7f4ef755d46b7d15ea"
        },
        {
          "type": "renderModule",
          "assetId": "6Xc9IWJN5N67i",
          "checksum": "e6c16f2885b7abae049be0dc48aee639"
        },
        {
          "type": "cssRules",
          "assetId": "6Xc9IWJN5N67i",
          "checksum": "e6c16f2885b7abae049be0dc48aee639"
        },
        {
          "type": "renderModule",
          "assetId": "x3YVWLsy7XCV9F",
          "checksum": "6b069be1e8ad3e7ac3053cd28fceac0d"
        },
        {
          "type": "cssRules",
          "assetId": "x3YVWLsy7XCV9F",
          "checksum": "6b069be1e8ad3e7ac3053cd28fceac0d"
        },
        {
          "type": "renderModule",
          "assetId": "tPQP6b2Ne0jsmJ",
          "checksum": "0f8f9918939e041c401f1b47472f7cc8"
        },
        {
          "type": "cssRules",
          "assetId": "tPQP6b2Ne0jsmJ",
          "checksum": "0f8f9918939e041c401f1b47472f7cc8"
        },
        {
          "type": "renderModule",
          "assetId": "Nf9UAhWiA8vHf7",
          "checksum": "74f79d8960ea69ae3f98ff19b1f6632e"
        },
        {
          "type": "cssRules",
          "assetId": "Nf9UAhWiA8vHf7",
          "checksum": "74f79d8960ea69ae3f98ff19b1f6632e"
        },
        {
          "type": "renderModule",
          "assetId": "XK1W0IOBqPChcQ",
          "checksum": "b3695568f3aed00a32379e20f8908985"
        },
        {
          "type": "cssRules",
          "assetId": "XK1W0IOBqPChcQ",
          "checksum": "b3695568f3aed00a32379e20f8908985"
        },
        {
          "type": "renderModule",
          "assetId": "QHInDyDcOfMDyf",
          "checksum": "a2516876011a67546b3a8a8c21cae1ad"
        },
        {
          "type": "cssRules",
          "assetId": "QHInDyDcOfMDyf",
          "checksum": "a2516876011a67546b3a8a8c21cae1ad"
        },
        {
          "type": "renderModule",
          "assetId": "wX6qzJeAri5VSh",
          "checksum": "60d4ad8efa1829dda772c60e013ccf7c"
        },
        {
          "type": "cssRules",
          "assetId": "wX6qzJeAri5VSh",
          "checksum": "60d4ad8efa1829dda772c60e013ccf7c"
        },
        {
          "type": "renderModule",
          "assetId": "UfoRqlasL9IYt1",
          "checksum": "6296feefc8ba9992e433ce6a75dbee86"
        },
        {
          "type": "cssRules",
          "assetId": "UfoRqlasL9IYt1",
          "checksum": "6296feefc8ba9992e433ce6a75dbee86"
        },
        {
          "type": "renderModule",
          "assetId": "Mt847i-wp5yyMQ",
          "checksum": "6830bf04df2dac3b23691f5d0b3f3572"
        },
        {
          "type": "cssRules",
          "assetId": "Mt847i-wp5yyMQ",
          "checksum": "6830bf04df2dac3b23691f5d0b3f3572"
        },
        {
          "type": "icon",
          "assetId": "wz0Ungmxu74NgH",
          "checksum": "dec3b6d733256f225ac83aff1beac2a7"
        },
        {
          "type": "icon",
          "assetId": "iXEL3dlQyHhxXE",
          "checksum": "4fae64b7cde96e5761b342e72baead2e"
        },
        {
          "type": "icon",
          "assetId": "j05_8mPoaoLjsL",
          "checksum": "a45515716e3ddfd6123c01ab60c4b371"
        },
        {
          "type": "icon",
          "assetId": "TxFPBvM5JjjyBb",
          "checksum": "660cddc8c75054a67e91bfc6d8c28b71"
        },
        {
          "type": "icon",
          "assetId": "Msv6deJ5W4aphb",
          "checksum": "04a920a5c5e510e580bbed422bad021b"
        },
        {
          "type": "icon",
          "assetId": "eZ7S0tES_JidrF",
          "checksum": "e5e2bbac0c4871842a3c068d86a886f6"
        },
        {
          "type": "icon",
          "assetId": "2rDYCjca1QBqsX",
          "checksum": "2691893a2596928c97ee6dc0ce483cbd"
        },
        {
          "type": "icon",
          "assetId": "VE6NFaH1-T85nM",
          "checksum": "7d3d4145050988b5e6f52c72471b49ae"
        },
        {
          "type": "icon",
          "assetId": "msSEQYGgEeixJN",
          "checksum": "93d258af380d18414ba738d0bb0ca45e"
        },
        {
          "type": "icon",
          "assetId": "v7U8gflS3V79A6",
          "checksum": "cb9e2e6644df176db24c706926159dd0"
        },
        {
          "type": "icon",
          "assetId": "U_iWJQvBSgD5VQ",
          "checksum": "296eebec43dc5ae247154472baae145f"
        },
        {
          "type": "icon",
          "assetId": "72mb8ekpHj5edn",
          "checksum": "c62f099db3a24413ee98590ebc594141"
        },
        {
          "type": "icon",
          "assetId": "2AeycEx_uIAsO5",
          "checksum": "7c62247d5a0c2c589d3a22697d3bf4ce"
        },
        {
          "type": "icon",
          "assetId": "xLTiG8_J6ZeI88",
          "checksum": "9ee8a01ac77628286449c5516bd1c517"
        },
        {
          "type": "icon",
          "assetId": "mmqFZR_aX4_vcA",
          "checksum": "a07a40ac39abd242f0c1e7c3738ef369"
        },
        {
          "type": "icon",
          "assetId": "rs0I4LECusBRwN",
          "checksum": "6235514e791eb9d8f14d0356576da569"
        },
        {
          "type": "icon",
          "assetId": "Tltq2f372NSJpk",
          "checksum": "a87f90cc6781dec0ef89be4b224191ef"
        },
        {
          "type": "icon",
          "assetId": "6pCTytrcCbaa3n",
          "checksum": "105ec20b18953679981becd2979b24cd"
        },
        {
          "type": "icon",
          "assetId": "jYmTTC4U64gdEc",
          "checksum": "179e82490e4e1905f5a6762fb668e097"
        },
        {
          "type": "image",
          "assetId": "5BtafPc86-DaPK",
          "checksum": "498189d0dfdf72e46f99b719eab1ddf7"
        },
        {
          "type": "image",
          "assetId": "3mw4fzZZN_be7f",
          "checksum": "2ca40f7c696f765a54e907f6a75c7a25"
        },
        {
          "type": "image",
          "assetId": "xoLkTe0up_2N0O",
          "checksum": "9db58a4cbdb1fa1553689e4cd62f1f0a"
        },
        {
          "type": "image",
          "assetId": "VhN4E9i04Ubfla",
          "checksum": "e8ae23ddfb3a7c868ace2382e167220a"
        }
      ]
    }
  ],
  "cliVersion": "0.1.152"
}
